{
  "version": 4,
  "terraform_version": "1.7.1",
  "serial": 5,
  "lineage": "4bd1af3b-4680-5049-16d7-65b4c7429a9a",
  "outputs": {},
  "resources": [
    {
      "mode": "data",
      "type": "aws_secretsmanager_secret",
      "name": "rancher_admin",
      "provider": "provider[\"registry.terraform.io/hashicorp/aws\"]",
      "instances": [
        {
          "schema_version": 0,
          "attributes": {
            "arn": "arn:aws:secretsmanager:eu-west-2:281287281094:secret:host/rancher/users-HrdSJ7",
            "created_date": "2020-10-24T21:36:40Z",
            "description": "Rancher User Passwords",
            "id": "arn:aws:secretsmanager:eu-west-2:281287281094:secret:host/rancher/users-HrdSJ7",
            "kms_key_id": "arn:aws:kms:eu-west-2:281287281094:alias/Sarrionandia",
            "last_changed_date": "2022-12-31T19:57:09Z",
            "name": "host/rancher/users",
            "policy": "",
            "tags": {}
          },
          "sensitive_attributes": []
        }
      ]
    },
    {
      "mode": "data",
      "type": "aws_secretsmanager_secret_version",
      "name": "rancher_admin_current",
      "provider": "provider[\"registry.terraform.io/hashicorp/aws\"]",
      "instances": [
        {
          "schema_version": 0,
          "attributes": {
            "arn": "arn:aws:secretsmanager:eu-west-2:281287281094:secret:host/rancher/users-HrdSJ7",
            "created_date": "2022-12-31T19:57:09Z",
            "id": "arn:aws:secretsmanager:eu-west-2:281287281094:secret:host/rancher/users-HrdSJ7|AWSCURRENT",
            "secret_binary": "",
            "secret_id": "arn:aws:secretsmanager:eu-west-2:281287281094:secret:host/rancher/users-HrdSJ7",
            "secret_string": "{\"admin\":\"WTFth1$k3sivs\",\"root\":\"WTFth1$cois\"}",
            "version_id": "74c7b477-d055-44fb-bf58-03a3b60d2a38",
            "version_stage": "AWSCURRENT",
            "version_stages": [
              "AWSCURRENT"
            ]
          },
          "sensitive_attributes": []
        }
      ]
    },
    {
      "mode": "data",
      "type": "rancher2_cluster",
      "name": "local",
      "provider": "provider[\"registry.terraform.io/rancher/rancher2\"]",
      "instances": [
        {
          "schema_version": 0,
          "attributes": {
            "agent_env_vars": null,
            "aks_config": null,
            "aks_config_v2": null,
            "annotations": {
              "authz.management.cattle.io/creator-role-bindings": "{\"created\":[],\"required\":[\"cluster-owner\"]}",
              "authz.management.cattle.io/initial-sync": "true",
              "lifecycle.cattle.io/create.cluster-agent-controller-cleanup": "true",
              "lifecycle.cattle.io/create.cluster-provisioner-controller": "true",
              "lifecycle.cattle.io/create.cluster-scoped-gc": "true",
              "lifecycle.cattle.io/create.mgmt-cluster-rbac-remove": "true",
              "management.cattle.io/current-cluster-controllers-version": "v1.27.6+k3s1",
              "provisioner.cattle.io/ke-driver-update": "updated"
            },
            "ca_cert": null,
            "cluster_auth_endpoint": [
              {
                "ca_certs": "",
                "enabled": false,
                "fqdn": ""
              }
            ],
            "cluster_monitoring_input": [],
            "cluster_registration_token": [
              {
                "annotations": {},
                "cluster_id": "local",
                "command": "kubectl apply -f https://rancher.sarrionandia.co.uk:4434/v3/import/rktsktbqzdkfzvg6pm9wlppdglv2z8m9rp6ztlzw82q29vcjv9zrnp_local.yaml",
                "id": "local:default-token",
                "insecure_command": "curl --insecure -sfL https://rancher.sarrionandia.co.uk:4434/v3/import/rktsktbqzdkfzvg6pm9wlppdglv2z8m9rp6ztlzw82q29vcjv9zrnp_local.yaml | kubectl apply -f -",
                "insecure_node_command": "",
                "insecure_windows_node_command": "",
                "labels": {},
                "manifest_url": "https://rancher.sarrionandia.co.uk:4434/v3/import/rktsktbqzdkfzvg6pm9wlppdglv2z8m9rp6ztlzw82q29vcjv9zrnp_local.yaml",
                "name": "default-token",
                "node_command": "sudo docker run -d --privileged --restart=unless-stopped --net=host -v /etc/kubernetes:/etc/kubernetes -v /var/run:/var/run  rancher/rancher-agent:v2.8.1 --server https://rancher.sarrionandia.co.uk:4434 --token rktsktbqzdkfzvg6pm9wlppdglv2z8m9rp6ztlzw82q29vcjv9zrnp --ca-checksum 727ee084ac9e90565d880062c659859c0e212ee9ae6ca289550bf896fc70c95a",
                "token": "rktsktbqzdkfzvg6pm9wlppdglv2z8m9rp6ztlzw82q29vcjv9zrnp",
                "windows_node_command": "PowerShell -NoLogo -NonInteractive -Command \"\u0026 {docker run -v c:\\:c:\\host rancher/rancher-agent:v2.8.1 bootstrap --server https://rancher.sarrionandia.co.uk:4434 --token rktsktbqzdkfzvg6pm9wlppdglv2z8m9rp6ztlzw82q29vcjv9zrnp --ca-checksum 727ee084ac9e90565d880062c659859c0e212ee9ae6ca289550bf896fc70c95a | iex}\""
              }
            ],
            "cluster_template_answers": null,
            "cluster_template_id": null,
            "cluster_template_questions": null,
            "cluster_template_revision_id": null,
            "default_pod_security_admission_configuration_template_name": null,
            "default_pod_security_policy_template_id": null,
            "default_project_id": "local:p-j87pt",
            "description": "",
            "driver": "k3s",
            "eks_config": null,
            "eks_config_v2": null,
            "enable_cluster_alerting": false,
            "enable_cluster_monitoring": false,
            "enable_network_policy": null,
            "fleet_workspace_name": "fleet-local",
            "gke_config": null,
            "gke_config_v2": null,
            "id": "local",
            "k3s_config": [],
            "kube_config": "apiVersion: v1\nkind: Config\nclusters:\n- name: \"local\"\n  cluster:\n    server: \"https://rancher.sarrionandia.co.uk:4434/k8s/clusters/local\"\n    certificate-authority-data: \"LS0tLS1CRUdJTiBDRVJUSUZJQ0FURS0tLS0tCk1JSUJ2VENDQ\\\n      VdPZ0F3SUJBZ0lCQURBS0JnZ3Foa2pPUFFRREFqQkdNUnd3R2dZRFZRUUtFeE5rZVc1aGJXbGoKY\\\n      kdsemRHVnVaWEl0YjNKbk1TWXdKQVlEVlFRRERCMWtlVzVoYldsamJHbHpkR1Z1WlhJdFkyRkFNV\\\n      GN3TmpZegpORGt4TlRBZUZ3MHlOREF4TXpBeE56RTFNVFZhRncwek5EQXhNamN4TnpFMU1UVmFNR\\\n      Vl4SERBYUJnTlZCQW9UCkUyUjVibUZ0YVdOc2FYTjBaVzVsY2kxdmNtY3hKakFrQmdOVkJBTU1IV\\\n      1I1Ym1GdGFXTnNhWE4wWlc1bGNpMWoKWVVBeE56QTJOak0wT1RFMU1Ga3dFd1lIS29aSXpqMENBU\\\n      VlJS29aSXpqMERBUWNEUWdBRTNrclNkNVlSM1lTSwoydEk0b3Nsa1JRNUJMbkdFWFdwK1VFekZCO\\\n      Gt5MHU0elV0bGVUeEhlS3dqKzFtK1UxUEhwZTlYZWc2dHIxMEZ4Ck1ab3RJQVBsaWFOQ01FQXdEZ\\\n      1lEVlIwUEFRSC9CQVFEQWdLa01BOEdBMVVkRXdFQi93UUZNQU1CQWY4d0hRWUQKVlIwT0JCWUVGQ\\\n      TBPNENkWmtqVzZ6R0FtMmdSakVjSkNYU0NMTUFvR0NDcUdTTTQ5QkFNQ0EwZ0FNRVVDSUV5NgplN\\\n      0tjUk9ha3ZlSk9WOEhLRm9qM3dYZXh2cW96bEJQYzJvTXp1MFEwQWlFQXBsTyt4TXdKYURBT2UvY\\\n      1l5RVNWCjNBaDJFbFdkOXplSm9ZSHEvWXAwQWpvPQotLS0tLUVORCBDRVJUSUZJQ0FURS0tLS0t\"\n\nusers:\n- name: \"local\"\n  user:\n    token: \"kubeconfig-user-82w5v5dwnr:qxfbw7ngxfq7qh9gk7mbskddshds64bjvlc2g4cw6n4hl2cp8mn8sd\"\n\n\ncontexts:\n- name: \"local\"\n  context:\n    user: \"local\"\n    cluster: \"local\"\n\ncurrent-context: \"local\"\n",
            "labels": {
              "provider.cattle.io": "k3s"
            },
            "name": "local",
            "oke_config": null,
            "rke2_config": [],
            "rke_config": [],
            "system_project_id": "local:p-hj7pc"
          },
          "sensitive_attributes": []
        }
      ]
    },
    {
      "mode": "data",
      "type": "terraform_remote_state",
      "name": "rancher-infra",
      "provider": "provider[\"terraform.io/builtin/terraform\"]",
      "instances": [
        {
          "schema_version": 0,
          "attributes": {
            "backend": "s3",
            "config": {
              "value": {
                "bucket": "sarrionandia.co.uk",
                "key": "terraform-state/aws-rancher/rancher-infra/terraform.tfstate",
                "region": "eu-west-1"
              },
              "type": [
                "object",
                {
                  "bucket": "string",
                  "key": "string",
                  "region": "string"
                }
              ]
            },
            "defaults": null,
            "outputs": {
              "value": {
                "api_url": "https://rancher.sarrionandia.co.uk:4434"
              },
              "type": [
                "object",
                {
                  "api_url": "string"
                }
              ]
            },
            "workspace": null
          },
          "sensitive_attributes": []
        }
      ]
    },
    {
      "mode": "managed",
      "type": "local_file",
      "name": "kube_config",
      "provider": "provider[\"registry.terraform.io/hashicorp/local\"]",
      "instances": [
        {
          "schema_version": 0,
          "attributes": {
            "content": "apiVersion: v1\nkind: Config\nclusters:\n- name: \"local\"\n  cluster:\n    server: \"https://rancher.sarrionandia.co.uk:4434/k8s/clusters/local\"\n    certificate-authority-data: \"LS0tLS1CRUdJTiBDRVJUSUZJQ0FURS0tLS0tCk1JSUJ2VENDQ\\\n      VdPZ0F3SUJBZ0lCQURBS0JnZ3Foa2pPUFFRREFqQkdNUnd3R2dZRFZRUUtFeE5rZVc1aGJXbGoKY\\\n      kdsemRHVnVaWEl0YjNKbk1TWXdKQVlEVlFRRERCMWtlVzVoYldsamJHbHpkR1Z1WlhJdFkyRkFNV\\\n      GN3TmpZegpORGt4TlRBZUZ3MHlOREF4TXpBeE56RTFNVFZhRncwek5EQXhNamN4TnpFMU1UVmFNR\\\n      Vl4SERBYUJnTlZCQW9UCkUyUjVibUZ0YVdOc2FYTjBaVzVsY2kxdmNtY3hKakFrQmdOVkJBTU1IV\\\n      1I1Ym1GdGFXTnNhWE4wWlc1bGNpMWoKWVVBeE56QTJOak0wT1RFMU1Ga3dFd1lIS29aSXpqMENBU\\\n      VlJS29aSXpqMERBUWNEUWdBRTNrclNkNVlSM1lTSwoydEk0b3Nsa1JRNUJMbkdFWFdwK1VFekZCO\\\n      Gt5MHU0elV0bGVUeEhlS3dqKzFtK1UxUEhwZTlYZWc2dHIxMEZ4Ck1ab3RJQVBsaWFOQ01FQXdEZ\\\n      1lEVlIwUEFRSC9CQVFEQWdLa01BOEdBMVVkRXdFQi93UUZNQU1CQWY4d0hRWUQKVlIwT0JCWUVGQ\\\n      TBPNENkWmtqVzZ6R0FtMmdSakVjSkNYU0NMTUFvR0NDcUdTTTQ5QkFNQ0EwZ0FNRVVDSUV5NgplN\\\n      0tjUk9ha3ZlSk9WOEhLRm9qM3dYZXh2cW96bEJQYzJvTXp1MFEwQWlFQXBsTyt4TXdKYURBT2UvY\\\n      1l5RVNWCjNBaDJFbFdkOXplSm9ZSHEvWXAwQWpvPQotLS0tLUVORCBDRVJUSUZJQ0FURS0tLS0t\"\n\nusers:\n- name: \"local\"\n  user:\n    token: \"kubeconfig-user-82w5v5dwnr:qxfbw7ngxfq7qh9gk7mbskddshds64bjvlc2g4cw6n4hl2cp8mn8sd\"\n\n\ncontexts:\n- name: \"local\"\n  context:\n    user: \"local\"\n    cluster: \"local\"\n\ncurrent-context: \"local\"\n",
            "content_base64": null,
            "content_base64sha256": "IvTOTHJxQXFvHXcOoz+jLfXIGwm1GWrR7mAnEwa1E7k=",
            "content_base64sha512": "Sx1z0wTv33V+HCUxDtVMKpl0TBYbLGg+V6eN1IAr1DWDGmDIX+FxE2ZUjk0JGodcWFmago9+znwraxbMjdmB/A==",
            "content_md5": "dfe29f0656284e624d847c64b8f0123f",
            "content_sha1": "1fbfcdce7c5ce14b69c64cce45177f6cddd86415",
            "content_sha256": "22f4ce4c727141716f1d770ea33fa32df5c81b09b5196ad1ee60271306b513b9",
            "content_sha512": "4b1d73d304efdf757e1c25310ed54c2a99744c161b2c683e57a78dd4802bd435831a60c85fe1711366548e4d091a875c58599a828f7ece7c2b6b16cc8dd981fc",
            "directory_permission": "0777",
            "file_permission": "0600",
            "filename": "/Users/martin/.kube/config",
            "id": "1fbfcdce7c5ce14b69c64cce45177f6cddd86415",
            "sensitive_content": null,
            "source": null
          },
          "sensitive_attributes": [],
          "dependencies": [
            "data.aws_secretsmanager_secret.rancher_admin",
            "data.aws_secretsmanager_secret_version.rancher_admin_current",
            "data.rancher2_cluster.local",
            "data.terraform_remote_state.rancher-infra",
            "rancher2_bootstrap.admin"
          ]
        }
      ]
    },
    {
      "mode": "managed",
      "type": "rancher2_bootstrap",
      "name": "admin",
      "provider": "provider[\"registry.terraform.io/rancher/rancher2\"].bootstrap",
      "instances": [
        {
          "schema_version": 0,
          "attributes": {
            "current_password": "WTFth1$k3sivs",
            "id": "user-82w5v",
            "initial_password": "WTFth1$k3sivs",
            "password": "WTFth1$k3sivs",
            "telemetry": true,
            "temp_token": "",
            "temp_token_id": "",
            "token": "token-49zql:brwcp9kcr76ncxrc6sdzk8zzj49zstv856qrgfhmt9mcjdwpd24brm",
            "token_id": "token-49zql",
            "token_ttl": 86400,
            "token_update": false,
            "ui_default_landing": "ember",
            "url": "https://rancher.sarrionandia.co.uk:4434",
            "user": "admin"
          },
          "sensitive_attributes": [
            [
              {
                "type": "get_attr",
                "value": "password"
              }
            ],
            [
              {
                "type": "get_attr",
                "value": "initial_password"
              }
            ]
          ],
          "private": "bnVsbA==",
          "dependencies": [
            "data.aws_secretsmanager_secret.rancher_admin",
            "data.aws_secretsmanager_secret_version.rancher_admin_current",
            "data.terraform_remote_state.rancher-infra"
          ]
        }
      ]
    },
    {
      "mode": "managed",
      "type": "time_sleep",
      "name": "cluster_ready_timer",
      "provider": "provider[\"registry.terraform.io/hashicorp/time\"]",
      "instances": [
        {
          "schema_version": 0,
          "attributes": {
            "create_duration": "20s",
            "destroy_duration": null,
            "id": "2024-01-30T17:25:52Z",
            "triggers": null
          },
          "sensitive_attributes": [],
          "dependencies": [
            "data.aws_secretsmanager_secret.rancher_admin",
            "data.aws_secretsmanager_secret_version.rancher_admin_current",
            "data.rancher2_cluster.local",
            "data.terraform_remote_state.rancher-infra",
            "local_file.kube_config",
            "rancher2_bootstrap.admin"
          ]
        }
      ]
    }
  ],
  "check_results": null
}
